
Microsoft Visual Studio Solution File, Format Version 12.00
# Visual Studio Version 16
VisualStudioVersion = 16.0.29411.108
MinimumVisualStudioVersion = 10.0.40219.1
Project("{9A19103F-16F7-4668-BE54-9A1E7A4F7556}") = "bushour.api", "bushour.api.csproj", "{DDEFE364-E450-4845-A931-3B8F079BEAA5}"
EndProject
Global
	GlobalSection(SolutionConfigurationPlatforms) = preSolution
		Debug|Any CPU = Debug|Any CPU
		Release|Any CPU = Release|Any CPU
	EndGlobalSection
	GlobalSection(ProjectConfigurationPlatforms) = postSolution
		{DDEFE364-E450-4845-A931-3B8F079BEAA5}.Debug|Any CPU.ActiveCfg = Debug|Any CPU
		{DDEFE364-E450-4845-A931-3B8F079BEAA5}.Debug|Any CPU.Build.0 = Debug|Any CPU
		{DDEFE364-E450-4845-A931-3B8F079BEAA5}.Release|Any CPU.ActiveCfg = Release|Any CPU
		{DDEFE364-E450-4845-A931-3B8F079BEAA5}.Release|Any CPU.Build.0 = Release|Any CPU
	EndGlobalSection
	GlobalSection(SolutionProperties) = preSolution
		HideSolutionNode = FALSE
	EndGlobalSection
	GlobalSection(ExtensibilityGlobals) = postSolution
		SolutionGuid = {753EAC3D-87DC-4C30-AE18-5C473CCA80C5}
	EndGlobalSection
EndGlobal
